# THIS IS AN AUTOGENERATED FILE. DO NOT EDIT THIS FILE DIRECTLY.
# yarn lockfile v1


"@companion-module/base@~2.1.2":
  version "2.1.2"
  resolved "https://registry.yarnpkg.com/@companion-module/base/-/base-2.1.2.tgz#21ee374eee50840654eeba2beb46ad73e0a99e15"
  integrity sha512-L5Nm771r24JMfaZPONOoBqnXf0gWAOMjHqIf3C6gVp5qpxalAlSZLfEaGn+VNOEVgncKYG1yKDTp407qaiFeLQ==
  dependencies:
    colord "^2.9.3"

"@companion-module/tools@^3.0.1":
  version "3.0.2"
  resolved "https://registry.yarnpkg.com/@companion-module/tools/-/tools-3.0.2.tgz#7d6533cb61bf4b34e42bbbe21ba333477e084eae"
  integrity sha512-No7XJbWo4BD3Jow7C+eRGKbbEV8eLmxY80n+bnte+Zd05uafPkq+L64fc0/16oGX+de5m9BvZe9MrdYzZHPBfg==
  dependencies:
    "@eslint/js" "^10.0.1"
    esbuild "^0.28.1"
    eslint-config-prettier "^10.1.8"
    eslint-plugin-n "^18.1.0"
    eslint-plugin-prettier "^5.5.6"
    find-up "^8.0.0"
    semver "^7.8.4"
    tar "^7.5.16"
    zx "^8.8.5"

"@esbuild/aix-ppc64@0.28.1":
  version "0.28.1"
  resolved "https://registry.yarnpkg.com/@esbuild/aix-ppc64/-/aix-ppc64-0.28.1.tgz#7a01a8d2ec2fbb2dac78adad09b0fa781e4082be"
  integrity sha512-Svl7tq8k/08+p6CXPpRjQ1fKX+1odH/BQbb48fV6fj3CWHhsoIOoY87w1oHXm0qEpkIK3ZfVgp0hed3XBXzXMQ==

"@esbuild/android-arm64@0.28.1":
  version "0.28.1"
  resolved "https://registry.yarnpkg.com/@esbuild/android-arm64/-/android-arm64-0.28.1.tgz#b540a27d14e4afd058496a4dbec4d3f414db110a"
  integrity sha512-34EGEbCIAgosYz6goLcopX6Mo7NyGv9tfwEM2/7Ce2VcVRk568iSvniGWcUXIy7wEDR1wzolcxcriFVrWYcwBg==

"@esbuild/android-arm@0.28.1":
  version "0.28.1"
  resolved "https://registry.yarnpkg.com/@esbuild/android-arm/-/android-arm-0.28.1.tgz#704bd297de6d762de54eabbeafbf55f6756abe2f"
  integrity sha512-0k2F129Xdio1TdJfzJ8sy1Q47vUD2NnwdhiAf7drUN1EBTfPf4hsFCtmMgu/6m8JSzsBrlmVjudMBQqOfG8usQ==

"@esbuild/android-x64@0.28.1":
  version "0.28.1"
  resolved "https://registry.yarnpkg.com/@esbuild/android-x64/-/android-x64-0.28.1.tgz#d1cb166d34b0fbf0fe8ab460a5594f24a378701e"
  integrity sha512-dbwY7ltSMDWsRatcRpCnES4F+im88OCUgGZjy52shC7GqHRE/cYlxNbB4Z4UpJswpcc4Qxd2oE/ufM0p61IKng==

"@esbuild/darwin-arm64@0.28.1":
  version "0.28.1"
  resolved "https://registry.yarnpkg.com/@esbuild/darwin-arm64/-/darwin-arm64-0.28.1.tgz#1034b26457fc886368fe61bbd09f653f6afa8e54"
  integrity sha512-TZbWkQY7kvTAXbXUT7uVACR5cMHsDiSz9z7ZKAX/RTq/WJEk3QyRr0wZpNhBDX+/0CtdqUIJlOiodQcta6tY3Q==

"@esbuild/darwin-x64@0.28.1":
  version "0.28.1"
  resolved "https://registry.yarnpkg.com/@esbuild/darwin-x64/-/darwin-x64-0.28.1.tgz#65556a432a1e4d72032d8218c1932fcca1a49772"
  integrity sha512-zfdzgK9ACBNZLI/CyHTOx81SyNbM6YXn7rxSgX97VjyiPl9W1i4Ka4fgKECEoFCKGpvBj5qArWIGgQjOwkgskQ==

"@esbuild/freebsd-arm64@0.28.1":
  version "0.28.1"
  resolved "https://registry.yarnpkg.com/@esbuild/freebsd-arm64/-/freebsd-arm64-0.28.1.tgz#2e61e0592f9030d7e3dae18ee25ebc535918aef6"
  integrity sha512-wG2EA8ENdEI0qhkSZMjfqrdY+ziCYCPMmtZjjIwOmXFjmyzEHn+UUxk5of+SYsjtfs3VpnlC7QLzSI5hY/rOAw==

"@esbuild/freebsd-x64@0.28.1":
  version "0.28.1"
  resolved "https://registry.yarnpkg.com/@esbuild/freebsd-x64/-/freebsd-x64-0.28.1.tgz#c95ec289959ef8079c4dca817a1e2c4be66b9bd3"
  integrity sha512-i7dZ9vQgnvSCzi/rYCXNgtF/U+eKZNJBzu3eTQbRgHnM7tNSizLOkRFAl3qzVc/Op/u5YkHHa4pf/3DOYHthLQ==

"@esbuild/linux-arm64@0.28.1":
  version "0.28.1"
  resolved "https://registry.yarnpkg.com/@esbuild/linux-arm64/-/linux-arm64-0.28.1.tgz#40b22175dda06182f3ee8141186c5ff304c4a717"
  integrity sha512-yHs+0uc8+nvEAfAfxrWQKK5peSNzBc4PegcMO0EJ2hT71uA7vB8Ihg2e77R2P7SG5uYjPbHlLLmve4LLLRCf0g==

"@esbuild/linux-arm@0.28.1":
  version "0.28.1"
  resolved "https://registry.yarnpkg.com/@esbuild/linux-arm/-/linux-arm-0.28.1.tgz#c09a0f67917592ac0de892a9be4d3814debd2a6c"
  integrity sha512-qVXBOHQS+d5Y722GwJzJUtOLlX7km3CraOaGormF1pDtPd2C/l1SHRPgjLunLGe51Sh5YYWKMFDyV4SxgMQYTQ==

"@esbuild/linux-ia32@0.28.1":
  version "0.28.1"
  resolved "https://registry.yarnpkg.com/@esbuild/linux-ia32/-/linux-ia32-0.28.1.tgz#a580f9c676797833891e519fc7a1337c8afd8db3"
  integrity sha512-d1z4ZuP0ajrfz/FhGT4vv278rX8KnPPJx8i5+AtK7TYbx9Le9F1hyzurZpkEyjkGa9dUGhQow4C1NmeGvqxN2w==

"@esbuild/linux-loong64@0.28.1":
  version "0.28.1"
  resolved "https://registry.yarnpkg.com/@esbuild/linux-loong64/-/linux-loong64-0.28.1.tgz#46452cf321dc7f9e91c2fa780a56bb56e79cd68b"
  integrity sha512-M5sRjUVZrkm1OAPR3dlOYzNmN+loZKGVi1VUQGrwuqLcbR6qeAz+famMhjASeH3YVKvZz+zT1jlh/keC3Rj/lg==

"@esbuild/linux-mips64el@0.28.1":
  version "0.28.1"
  resolved "https://registry.yarnpkg.com/@esbuild/linux-mips64el/-/linux-mips64el-0.28.1.tgz#4211b3184dd6608f53dcb22e39f5d34ee08852c8"
  integrity sha512-mRObBZeHh2OxcBFPWE/FjylkRgZdYuiTR3vaTozquCGOH14iP9oN4x4Ge81CoIDYQrXmIxpFumJBu5MtZpnQJQ==

"@esbuild/linux-ppc64@0.28.1":
  version "0.28.1"
  resolved "https://registry.yarnpkg.com/@esbuild/linux-ppc64/-/linux-ppc64-0.28.1.tgz#697857c2a61cb9b0b6bb6652e40c1dc5e1ca8e5d"
  integrity sha512-slScBsMAb3GFDcdrCgLwZtPYRoH2H/youv10QiZyRjmsP48fznoveWytSgCI/R0ZcUgpc0ZhIUEx6LHts8yrfQ==

"@esbuild/linux-riscv64@0.28.1":
  version "0.28.1"
  resolved "https://registry.yarnpkg.com/@esbuild/linux-riscv64/-/linux-riscv64-0.28.1.tgz#d192943eb146a40ac4c6497d0cf7be35b986bf08"
  integrity sha512-kw0owk1o0GFETUJyW0jc0G4Yzs0BHZn0JDZ8JRT088vjJYX777BAs1fDGxAC+q831qOs2DTC96mNsG2opdfyyQ==

"@esbuild/linux-s390x@0.28.1":
  version "0.28.1"
  resolved "https://registry.yarnpkg.com/@esbuild/linux-s390x/-/linux-s390x-0.28.1.tgz#acea0356da0e0ebc08f97cf7b9c2e401e1e648dc"
  integrity sha512-/lAIjX8aYFRByhh6L5rYtPEDRqa9de/4V/juOXcta5frjvzXO4/sqEtyytse0g3zZFuWu5cDN0MkLz2qRDD2Ag==

"@esbuild/linux-x64@0.28.1":
  version "0.28.1"
  resolved "https://registry.yarnpkg.com/@esbuild/linux-x64/-/linux-x64-0.28.1.tgz#6f0c3ce0cb64c534b70c4c45ecb2c16d34e35dfd"
  integrity sha512-u/anNYF2mmVOEDwLtnQ1wOr3EZ9sTNGLWrsYGYwHWzGA3Si84IOkHXlbWTD1NB+9/1lcnweYKO54uhxZydNzfA==

"@esbuild/netbsd-arm64@0.28.1":
  version "0.28.1"
  resolved "https://registry.yarnpkg.com/@esbuild/netbsd-arm64/-/netbsd-arm64-0.28.1.tgz#8bcd77077a0dce3378b574fedb26d2a253b73d36"
  integrity sha512-oks0DYbLwWMmaakTsCb+zL4E+aHRVLom9IJZOAthMQEPiQmydXHkziYEsGYRx0uNV/IjEKGAV941JzH02pflqw==

"@esbuild/netbsd-x64@0.28.1":
  version "0.28.1"
  resolved "https://registry.yarnpkg.com/@esbuild/netbsd-x64/-/netbsd-x64-0.28.1.tgz#e7fb2a01e99c830c94e6623cd9fefb4c8fb58347"
  integrity sha512-aeL6lAnN89Hz43Mlh1G8ARasbuoYvSITDEx0tHh5b7jJnHcssqgjy9Yx430GDpmCa6OyrKoS0aNRjKundRizGg==

"@esbuild/openbsd-arm64@0.28.1":
  version "0.28.1"
  resolved "https://registry.yarnpkg.com/@esbuild/openbsd-arm64/-/openbsd-arm64-0.28.1.tgz#c52909372db8b86e2c55e05a8940033b5660a3b2"
  integrity sha512-MEFJe5C3R8pwXdZ5Y21oo6m7ePiS0d9pWucn99O/wvyJZChoIQKrQDxKrGeW8F5+T0okTHesAmDeiHDTIq0V/Q==

"@esbuild/openbsd-x64@0.28.1":
  version "0.28.1"
  resolved "https://registry.yarnpkg.com/@esbuild/openbsd-x64/-/openbsd-x64-0.28.1.tgz#c427b9be5a64c262ff9a7eb70b5fbbaadf446c6c"
  integrity sha512-i/ZLIOafE0Z8cI/XANJAixoJL/uRAoS2xOA3rb0xN+KK0K177cMAsQYkzHtBrtMXAKuAc7HGgcWiZ/sRC1Nxgw==

"@esbuild/openharmony-arm64@0.28.1":
  version "0.28.1"
  resolved "https://registry.yarnpkg.com/@esbuild/openharmony-arm64/-/openharmony-arm64-0.28.1.tgz#dc9b147baca2e6c4b3c85571741ef4860a489097"
  integrity sha512-ge+Z7EXFNt2BO1oAMsVpiQ8EwndV9i1xXerAeTIK7AtPs3bKFXQM7nlRxDSIUIMeueR1CNXxqztLzdNeReKBJg==

"@esbuild/sunos-x64@0.28.1":
  version "0.28.1"
  resolved "https://registry.yarnpkg.com/@esbuild/sunos-x64/-/sunos-x64-0.28.1.tgz#ce866d12df13c15e4c99f073a3d466f6e0649b3a"
  integrity sha512-BEjgtECkL3vY+SaSQ6nzVfiALUeFxpawyp8Jmf5PtYhf1Ug40N1h/hxlhts+f1FvSvarEigdxS3BlSMI2PJLcQ==

"@esbuild/win32-arm64@0.28.1":
  version "0.28.1"
  resolved "https://registry.yarnpkg.com/@esbuild/win32-arm64/-/win32-arm64-0.28.1.tgz#7468e3692d01d629d5941e5d83817bb80f9e39b4"
  integrity sha512-lCv9eK/H6ZJWbE7bh2nw54CZ9M2nupBxJcTsdk/QQnWkdSjKGuxmmH8/GWrlT1eMmZfn4dGcCjRte397WqfQXA==

"@esbuild/win32-ia32@0.28.1":
  version "0.28.1"
  resolved "https://registry.yarnpkg.com/@esbuild/win32-ia32/-/win32-ia32-0.28.1.tgz#a5bc0063fb2bcab6d0ed63f2a1537958bc269ec6"
  integrity sha512-zvb/mB2bSCoJOpoCBgYKKpX6YM6mJBlBUVUtVj41DlZJVEB6/0CKlRYxP5wWl1C1ILiCoAU5wZZ4q1P3qeS6Eg==

"@esbuild/win32-x64@0.28.1":
  version "0.28.1"
  resolved "https://registry.yarnpkg.com/@esbuild/win32-x64/-/win32-x64-0.28.1.tgz#10064ee44f4347b90c9a02b446bbf80a91632b12"
  integrity sha512-bm4Mowrv+GXMlpWX++EcXw/iLyd1o3+bJkC2DkWXYVvgZCqD/bSj9ctZeAMC3cIxgjRVR2Dufaiu4YPxr5gW1A==

"@eslint-community/eslint-utils@^4.1.2":
  version "4.4.0"
  resolved "https://registry.yarnpkg.com/@eslint-community/eslint-utils/-/eslint-utils-4.4.0.tgz#a23514e8fb9af1269d5f7788aa556798d61c6b59"
  integrity sha512-1/sA4dwrzBAyeUoQ6oxahHKmrZvsnLCg4RfxW3ZFGGmQkSNQPFNLV9CUEFQP1x9EYXHTo5p6xdhZM1Ne9p/AfA==
  dependencies:
    eslint-visitor-keys "^3.3.0"

"@eslint-community/eslint-utils@^4.5.0":
  version "4.9.1"
  resolved "https://registry.yarnpkg.com/@eslint-community/eslint-utils/-/eslint-utils-4.9.1.tgz#4e90af67bc51ddee6cdef5284edf572ec376b595"
  integrity sha512-phrYmNiYppR7znFEdqgfWHXR6NCkZEK7hwWDHZUjit/2/U0r6XvkDl0SYnoM51Hq7FhCGdLDT6zxCCOY1hexsQ==
  dependencies:
    eslint-visitor-keys "^3.4.3"

"@eslint-community/regexpp@^4.11.0":
  version "4.11.0"
  resolved "https://registry.yarnpkg.com/@eslint-community/regexpp/-/regexpp-4.11.0.tgz#b0ffd0312b4a3fd2d6f77237e7248a5ad3a680ae"
  integrity sha512-G/M/tIiMrTAxEWRfLfQJMmGNX28IxBg4PBz8XqQhqUHLFI6TL2htpIB1iQCj144V5ee/JaKyT9/WZ0MGZWfA7A==

"@eslint/js@^10.0.1":
  version "10.0.1"
  resolved "https://registry.yarnpkg.com/@eslint/js/-/js-10.0.1.tgz#1e8a876f50117af8ab67e47d5ad94d38d6622583"
  integrity sha512-zeR9k5pd4gxjZ0abRoIaxdc7I3nDktoXZk2qOv9gCNWx3mVwEn32VRhyLaRsDiJjTs0xq/T8mfPtyuXu7GWBcA==

"@isaacs/fs-minipass@^4.0.0":
  version "4.0.1"
  resolved "https://registry.yarnpkg.com/@isaacs/fs-minipass/-/fs-minipass-4.0.1.tgz#2d59ae3ab4b38fb4270bfa23d30f8e2e86c7fe32"
  integrity sha512-wgm9Ehl2jpeqP3zw/7mo3kRHFp5MEDhqAdwy1fTGkHAwnkGOVsgpvQhL8B5n1qlb01jV3n/bI0ZfZp5lWA1k4w==
  dependencies:
    minipass "^7.0.4"

"@pkgr/core@^0.3.6":
  version "0.3.6"
  resolved "https://registry.yarnpkg.com/@pkgr/core/-/core-0.3.6.tgz#3569708bd4be4d8870ba32bf1c456dac81600d97"
  integrity sha512-SEeaJLb3qBNF/OaXnaR1NmmBbFYk1zC0ZH/52fATcRPLFg/p791YrcyFFy44Bo9sLaGuSuLp5Q6axbb/O+v/RA==

"@serialport/binding-mock@10.2.2":
  version "10.2.2"
  resolved "https://registry.yarnpkg.com/@serialport/binding-mock/-/binding-mock-10.2.2.tgz#d322a8116a97806addda13c62f50e73d16125874"
  integrity sha512-HAFzGhk9OuFMpuor7aT5G1ChPgn5qSsklTFOTUX72Rl6p0xwcSVsRtG/xaGp6bxpN7fI9D/S8THLBWbBgS6ldw==
  dependencies:
    "@serialport/bindings-interface" "^1.2.1"
    debug "^4.3.3"

"@serialport/bindings-cpp@12.0.1":
  version "12.0.1"
  resolved "https://registry.yarnpkg.com/@serialport/bindings-cpp/-/bindings-cpp-12.0.1.tgz#b7588a8b3e124e7679622ce980a7d8528e9f36a3"
  integrity sha512-r2XOwY2dDvbW7dKqSPIk2gzsr6M6Qpe9+/Ngs94fNaNlcTRCV02PfaoDmRgcubpNVVcLATlxSxPTIDw12dbKOg==
  dependencies:
    "@serialport/bindings-interface" "1.2.2"
    "@serialport/parser-readline" "11.0.0"
    debug "4.3.4"
    node-addon-api "7.0.0"
    node-gyp-build "4.6.0"

"@serialport/bindings-interface@1.2.2", "@serialport/bindings-interface@^1.2.1":
  version "1.2.2"
  resolved "https://registry.yarnpkg.com/@serialport/bindings-interface/-/bindings-interface-1.2.2.tgz#c4ae9c1c85e26b02293f62f37435478d90baa460"
  integrity sha512-CJaUd5bLvtM9c5dmO9rPBHPXTa9R2UwpkJ0wdh9JCYcbrPWsKz+ErvR0hBLeo7NPeiFdjFO4sonRljiw4d2XiA==

"@serialport/parser-byte-length@12.0.0":
  version "12.0.0"
  resolved "https://registry.yarnpkg.com/@serialport/parser-byte-length/-/parser-byte-length-12.0.0.tgz#18b1db5d1b3b9d8e1153eb2ab3975ac5445b844a"
  integrity sha512-0ei0txFAj+s6FTiCJFBJ1T2hpKkX8Md0Pu6dqMrYoirjPskDLJRgZGLqoy3/lnU1bkvHpnJO+9oJ3PB9v8rNlg==

"@serialport/parser-cctalk@12.0.0":
  version "12.0.0"
  resolved "https://registry.yarnpkg.com/@serialport/parser-cctalk/-/parser-cctalk-12.0.0.tgz#f5c573b1ad2a9eed377aea9d70d264b36ca5dd5d"
  integrity sha512-0PfLzO9t2X5ufKuBO34DQKLXrCCqS9xz2D0pfuaLNeTkyGUBv426zxoMf3rsMRodDOZNbFblu3Ae84MOQXjnZw==

"@serialport/parser-delimiter@11.0.0":
  version "11.0.0"
  resolved "https://registry.yarnpkg.com/@serialport/parser-delimiter/-/parser-delimiter-11.0.0.tgz#e830c6bb49723d4446131277dc3243b502d09388"
  integrity sha512-aZLJhlRTjSmEwllLG7S4J8s8ctRAS0cbvCpO87smLvl3e4BgzbVgF6Z6zaJd3Aji2uSiYgfedCdNc4L6W+1E2g==

"@serialport/parser-delimiter@12.0.0":
  version "12.0.0"
  resolved "https://registry.yarnpkg.com/@serialport/parser-delimiter/-/parser-delimiter-12.0.0.tgz#43d3687f982829cc9b48ee0b21f2de80d0f19778"
  integrity sha512-gu26tVt5lQoybhorLTPsH2j2LnX3AOP2x/34+DUSTNaUTzu2fBXw+isVjQJpUBFWu6aeQRZw5bJol5X9Gxjblw==

"@serialport/parser-inter-byte-timeout@12.0.0":
  version "12.0.0"
  resolved "https://registry.yarnpkg.com/@serialport/parser-inter-byte-timeout/-/parser-inter-byte-timeout-12.0.0.tgz#1436f36fac92c950d290744e8ce56b2273a61d08"
  integrity sha512-GnCh8K0NAESfhCuXAt+FfBRz1Cf9CzIgXfp7SdMgXwrtuUnCC/yuRTUFWRvuzhYKoAo1TL0hhUo77SFHUH1T/w==

"@serialport/parser-packet-length@12.0.0":
  version "12.0.0"
  resolved "https://registry.yarnpkg.com/@serialport/parser-packet-length/-/parser-packet-length-12.0.0.tgz#3b5b8b47b6971c03dbc90ba61c0b8c5ec8bb0798"
  integrity sha512-p1hiCRqvGHHLCN/8ZiPUY/G0zrxd7gtZs251n+cfNTn+87rwcdUeu9Dps3Aadx30/sOGGFL6brIRGK4l/t7MuQ==

"@serialport/parser-readline@11.0.0":
  version "11.0.0"
  resolved "https://registry.yarnpkg.com/@serialport/parser-readline/-/parser-readline-11.0.0.tgz#c2c8c88e163d2abf7c0ffddbc1845336444e3454"
  integrity sha512-rRAivhRkT3YO28WjmmG4FQX6L+KMb5/ikhyylRfzWPw0nSXy97+u07peS9CbHqaNvJkMhH1locp2H36aGMOEIA==
  dependencies:
    "@serialport/parser-delimiter" "11.0.0"

"@serialport/parser-readline@12.0.0":
  version "12.0.0"
  resolved "https://registry.yarnpkg.com/@serialport/parser-readline/-/parser-readline-12.0.0.tgz#50e992004d7a84d5a12e0b016adb9021d3a72fbb"
  integrity sha512-O7cywCWC8PiOMvo/gglEBfAkLjp/SENEML46BXDykfKP5mTPM46XMaX1L0waWU6DXJpBgjaL7+yX6VriVPbN4w==
  dependencies:
    "@serialport/parser-delimiter" "12.0.0"

"@serialport/parser-ready@12.0.0":
  version "12.0.0"
  resolved "https://registry.yarnpkg.com/@serialport/parser-ready/-/parser-ready-12.0.0.tgz#193495e10c5a663029bce074d4f84cad173aab82"
  integrity sha512-ygDwj3O4SDpZlbrRUraoXIoIqb8sM7aMKryGjYTIF0JRnKeB1ys8+wIp0RFMdFbO62YriUDextHB5Um5cKFSWg==

"@serialport/parser-regex@12.0.0":
  version "12.0.0"
  resolved "https://registry.yarnpkg.com/@serialport/parser-regex/-/parser-regex-12.0.0.tgz#ffbb2b113f3a50d7760fcdff5a4dd0f213ab8166"
  integrity sha512-dCAVh4P/pZrLcPv9NJ2mvPRBg64L5jXuiRxIlyxxdZGH4WubwXVXY/kBTihQmiAMPxbT3yshSX8f2+feqWsxqA==

"@serialport/parser-slip-encoder@12.0.0":
  version "12.0.0"
  resolved "https://registry.yarnpkg.com/@serialport/parser-slip-encoder/-/parser-slip-encoder-12.0.0.tgz#362099d4cd170afe8583f1fa607176fd4fc14f1d"
  integrity sha512-0APxDGR9YvJXTRfY+uRGhzOhTpU5akSH183RUcwzN7QXh8/1jwFsFLCu0grmAUfi+fItCkR+Xr1TcNJLR13VNA==

"@serialport/parser-spacepacket@12.0.0":
  version "12.0.0"
  resolved "https://registry.yarnpkg.com/@serialport/parser-spacepacket/-/parser-spacepacket-12.0.0.tgz#347e34b0221f29eb252ebd341a0acfff920ad814"
  integrity sha512-dozONxhPC/78pntuxpz/NOtVps8qIc/UZzdc/LuPvVsqCoJXiRxOg6ZtCP/W58iibJDKPZPAWPGYeZt9DJxI+Q==

"@serialport/stream@12.0.0":
  version "12.0.0"
  resolved "https://registry.yarnpkg.com/@serialport/stream/-/stream-12.0.0.tgz#047f97f780d92ddfc04303cb625e0f7e5a01a2bf"
  integrity sha512-9On64rhzuqKdOQyiYLYv2lQOh3TZU/D3+IWCR5gk0alPel2nwpp4YwDEGiUBfrQZEdQ6xww0PWkzqth4wqwX3Q==
  dependencies:
    "@serialport/bindings-interface" "1.2.2"
    debug "4.3.4"

chownr@^3.0.0:
  version "3.0.0"
  resolved "https://registry.yarnpkg.com/chownr/-/chownr-3.0.0.tgz#9855e64ecd240a9cc4267ce8a4aa5d24a1da15e4"
  integrity sha512-+IxzY9BZOQd/XuYPRmrvEVjF/nqj5kgT4kEq7VofrDoM1MxoRjEWkrCC3EtLi59TVawxTAn+orJwFQcrqEN1+g==

colord@^2.9.3:
  version "2.9.3"
  resolved "https://registry.yarnpkg.com/colord/-/colord-2.9.3.tgz#4f8ce919de456f1d5c1c368c307fe20f3e59fb43"
  integrity sha512-jeC1axXpnb0/2nn/Y1LPuLdgXBLH7aDcHu4KEKfqw3CUhX7ZpfBSlPKyqXE6btIgEzfWtrX3/tyBCaCvXvMkOw==

debug@4.3.4:
  version "4.3.4"
  resolved "https://registry.yarnpkg.com/debug/-/debug-4.3.4.tgz#1319f6579357f2338d3337d2cdd4914bb5dcc865"
  integrity sha512-PRWFHuSU3eDtQJPvnNY7Jcket1j0t5OuOsFzPPzsekD52Zl8qUfFIPEiswXqIvHWGVHOgX+7G/vCNNhehwxfkQ==
  dependencies:
    ms "2.1.2"

debug@^4.3.3:
  version "4.3.6"
  resolved "https://registry.yarnpkg.com/debug/-/debug-4.3.6.tgz#2ab2c38fbaffebf8aa95fdfe6d88438c7a13c52b"
  integrity sha512-O/09Bd4Z1fBrU4VzkhFqVgpPzaGbw6Sm9FEkBT1A/YBXQFGuuSxa1dN2nxgxS34JmKXqYx8CZAwEVoJFImUXIg==
  dependencies:
    ms "2.1.2"

enhanced-resolve@^5.17.1:
  version "5.17.1"
  resolved "https://registry.yarnpkg.com/enhanced-resolve/-/enhanced-resolve-5.17.1.tgz#67bfbbcc2f81d511be77d686a90267ef7f898a15"
  integrity sha512-LMHl3dXhTcfv8gM4kEzIUeTQ+7fpdA0l2tUf34BddXPkz2A5xJ5L/Pchd5BL6rdccM9QGvu0sWZzK1Z1t4wwyg==
  dependencies:
    graceful-fs "^4.2.4"
    tapable "^2.2.0"

esbuild@^0.28.1:
  version "0.28.1"
  resolved "https://registry.yarnpkg.com/esbuild/-/esbuild-0.28.1.tgz#ef45b4634c9c9d97a296aea4114a5f9840f95578"
  integrity sha512-HrJrvZv5ayxBzPfwphOoNzkzOIIlifzk0KJrGK2c8R4+LKpMtpYLQeUdjnwjWv/LZlkH2laZk+4w78pi99D4Vw==
  optionalDependencies:
    "@esbuild/aix-ppc64" "0.28.1"
    "@esbuild/android-arm" "0.28.1"
    "@esbuild/android-arm64" "0.28.1"
    "@esbuild/android-x64" "0.28.1"
    "@esbuild/darwin-arm64" "0.28.1"
    "@esbuild/darwin-x64" "0.28.1"
    "@esbuild/freebsd-arm64" "0.28.1"
    "@esbuild/freebsd-x64" "0.28.1"
    "@esbuild/linux-arm" "0.28.1"
    "@esbuild/linux-arm64" "0.28.1"
    "@esbuild/linux-ia32" "0.28.1"
    "@esbuild/linux-loong64" "0.28.1"
    "@esbuild/linux-mips64el" "0.28.1"
    "@esbuild/linux-ppc64" "0.28.1"
    "@esbuild/linux-riscv64" "0.28.1"
    "@esbuild/linux-s390x" "0.28.1"
    "@esbuild/linux-x64" "0.28.1"
    "@esbuild/netbsd-arm64" "0.28.1"
    "@esbuild/netbsd-x64" "0.28.1"
    "@esbuild/openbsd-arm64" "0.28.1"
    "@esbuild/openbsd-x64" "0.28.1"
    "@esbuild/openharmony-arm64" "0.28.1"
    "@esbuild/sunos-x64" "0.28.1"
    "@esbuild/win32-arm64" "0.28.1"
    "@esbuild/win32-ia32" "0.28.1"
    "@esbuild/win32-x64" "0.28.1"

eslint-compat-utils@^0.5.1:
  version "0.5.1"
  resolved "https://registry.yarnpkg.com/eslint-compat-utils/-/eslint-compat-utils-0.5.1.tgz#7fc92b776d185a70c4070d03fd26fde3d59652e4"
  integrity sha512-3z3vFexKIEnjHE3zCMRo6fn/e44U7T1khUjg+Hp0ZQMCigh28rALD0nPFBcGZuiLC5rLZa2ubQHDRln09JfU2Q==
  dependencies:
    semver "^7.5.4"

eslint-config-prettier@^10.1.8:
  version "10.1.8"
  resolved "https://registry.yarnpkg.com/eslint-config-prettier/-/eslint-config-prettier-10.1.8.tgz#15734ce4af8c2778cc32f0b01b37b0b5cd1ecb97"
  integrity sha512-82GZUjRS0p/jganf6q1rEO25VSoHH0hKPCTrgillPjdI/3bgBhAE1QzHrHTizjpRvy6pGAvKjDJtk2pF9NDq8w==

eslint-plugin-es-x@^7.8.0:
  version "7.8.0"
  resolved "https://registry.yarnpkg.com/eslint-plugin-es-x/-/eslint-plugin-es-x-7.8.0.tgz#a207aa08da37a7923f2a9599e6d3eb73f3f92b74"
  integrity sha512-7Ds8+wAAoV3T+LAKeu39Y5BzXCrGKrcISfgKEqTS4BDN8SFEDQd0S43jiQ8vIa3wUKD07qitZdfzlenSi8/0qQ==
  dependencies:
    "@eslint-community/eslint-utils" "^4.1.2"
    "@eslint-community/regexpp" "^4.11.0"
    eslint-compat-utils "^0.5.1"

eslint-plugin-n@^18.1.0:
  version "18.2.2"
  resolved "https://registry.yarnpkg.com/eslint-plugin-n/-/eslint-plugin-n-18.2.2.tgz#743c7931831472f3378724cc32ffe3917c734819"
  integrity sha512-gOO0lIqwEjZ750kv9/SptCWArUoAZXJoBr0vYWTO2dCBxctHUXlBIigiC8xuxxr/NKqgIT6Ehz1xRcilj8a5cA==
  dependencies:
    "@eslint-community/eslint-utils" "^4.5.0"
    enhanced-resolve "^5.17.1"
    eslint-plugin-es-x "^7.8.0"
    get-tsconfig "^4.8.1"
    globals "^15.11.0"
    globrex "^0.1.2"
    ignore "^5.3.2"
    semver "^7.6.3"

eslint-plugin-prettier@^5.5.6:
  version "5.5.6"
  resolved "https://registry.yarnpkg.com/eslint-plugin-prettier/-/eslint-plugin-prettier-5.5.6.tgz#363ebe4d769bce157ccdd8129ce3efd91dc62564"
  integrity sha512-ifetmTcxWfz+4qRW3pH/ujdTq2jQIj59AxJMIN26K5avYgU8dxycUETQonWiW+wPrYXA0j3Try0l1CnwVQtDqQ==
  dependencies:
    prettier-linter-helpers "^1.0.1"
    synckit "^0.11.13"

eslint-visitor-keys@^3.3.0, eslint-visitor-keys@^3.4.3:
  version "3.4.3"
  resolved "https://registry.yarnpkg.com/eslint-visitor-keys/-/eslint-visitor-keys-3.4.3.tgz#0cd72fe8550e3c2eae156a96a4dddcd1c8ac5800"
  integrity sha512-wpc+LXeiyiisxPlEkUzU6svyS1frIO3Mgxj1fdy7Pm8Ygzguax2N3Fa/D/ag1WqbOprdI+uY6wMUl8/a2G+iag==

fast-diff@^1.1.2:
  version "1.3.0"
  resolved "https://registry.yarnpkg.com/fast-diff/-/fast-diff-1.3.0.tgz#ece407fa550a64d638536cd727e129c61616e0f0"
  integrity sha512-VxPP4NqbUjj6MaAOafWeUn2cXWLcCtljklUtZf0Ind4XQ+QPtmA0b18zZy0jIQx+ExRVCR/ZQpBmik5lXshNsw==

find-up@^8.0.0:
  version "8.0.0"
  resolved "https://registry.yarnpkg.com/find-up/-/find-up-8.0.0.tgz#9e4663f9605eeb615edd7399f376a01b1de312fe"
  integrity sha512-JGG8pvDi2C+JxidYdIwQDyS/CgcrIdh18cvgxcBge3wSHRQOrooMD3GlFBcmMJAN9M42SAZjDp5zv1dglJjwww==
  dependencies:
    locate-path "^8.0.0"
    unicorn-magic "^0.3.0"

get-tsconfig@^4.8.1:
  version "4.13.0"
  resolved "https://registry.yarnpkg.com/get-tsconfig/-/get-tsconfig-4.13.0.tgz#fcdd991e6d22ab9a600f00e91c318707a5d9a0d7"
  integrity sha512-1VKTZJCwBrvbd+Wn3AOgQP/2Av+TfTCOlE4AcRJE72W1ksZXbAx8PPBR9RzgTeSPzlPMHrbANMH3LbltH73wxQ==
  dependencies:
    resolve-pkg-maps "^1.0.0"

globals@^15.11.0:
  version "15.15.0"
  resolved "https://registry.yarnpkg.com/globals/-/globals-15.15.0.tgz#7c4761299d41c32b075715a4ce1ede7897ff72a8"
  integrity sha512-7ACyT3wmyp3I61S4fG682L0VA2RGD9otkqGJIwNUMF1SWUombIIk+af1unuDYgMm082aHYwD+mzJvv9Iu8dsgg==

globrex@^0.1.2:
  version "0.1.2"
  resolved "https://registry.yarnpkg.com/globrex/-/globrex-0.1.2.tgz#dd5d9ec826232730cd6793a5e33a9302985e6098"
  integrity sha512-uHJgbwAMwNFf5mLst7IWLNg14x1CkeqglJb/K3doi4dw6q2IvAAmM/Y81kevy83wP+Sst+nutFTYOGg3d1lsxg==

graceful-fs@^4.2.4:
  version "4.2.11"
  resolved "https://registry.yarnpkg.com/graceful-fs/-/graceful-fs-4.2.11.tgz#4183e4e8bf08bb6e05bbb2f7d2e0c8f712ca40e3"
  integrity sha512-RbJ5/jmFcNNCcDV5o9eTnBLJ/HszWV0P73bc+Ff4nS/rJj+YaS6IGyiOL0VoBYX+l1Wrl3k63h/KrH+nhJ0XvQ==

ignore@^5.3.2:
  version "5.3.2"
  resolved "https://registry.yarnpkg.com/ignore/-/ignore-5.3.2.tgz#3cd40e729f3643fd87cb04e50bf0eb722bc596f5"
  integrity sha512-hsBTNUqQTDwkWtcdYI2i06Y/nUBEsNEDJKjWdigLvegy8kDuJAS8uRlpkkcQpyEXL0Z/pjDy5HBmMjRCJ2gq+g==

locate-path@^8.0.0:
  version "8.0.0"
  resolved "https://registry.yarnpkg.com/locate-path/-/locate-path-8.0.0.tgz#4f0cca3d0d84b02b6f534a73331c83437bf14141"
  integrity sha512-XT9ewWAC43tiAV7xDAPflMkG0qOPn2QjHqlgX8FOqmWa/rxnyYDulF9T0F7tRy1u+TVTmK/M//6VIOye+2zDXg==
  dependencies:
    p-locate "^6.0.0"

long@4.0.0:
  version "4.0.0"
  resolved "https://registry.yarnpkg.com/long/-/long-4.0.0.tgz#9a7b71cfb7d361a194ea555241c92f7468d5bf28"
  integrity sha512-XsP+KhQif4bjX1kbuSiySJFNAehNxgLb6hPRGJ9QsUr8ajHkuXGdrHmFUTUUXhDwVX2R5bY4JNZEwbUiMhV+MA==

minipass@^7.0.4, minipass@^7.1.2:
  version "7.1.2"
  resolved "https://registry.yarnpkg.com/minipass/-/minipass-7.1.2.tgz#93a9626ce5e5e66bd4db86849e7515e92340a707"
  integrity sha512-qOOzS1cBTWYF4BH8fVePDBOO9iptMnGUEZwNc/cMWnTV2nVLZ7VoNWEPHkYczZA0pdoA7dl6e7FL659nX9S2aw==

minizlib@^3.1.0:
  version "3.1.0"
  resolved "https://registry.yarnpkg.com/minizlib/-/minizlib-3.1.0.tgz#6ad76c3a8f10227c9b51d1c9ac8e30b27f5a251c"
  integrity sha512-KZxYo1BUkWD2TVFLr0MQoM8vUUigWD3LlD83a/75BqC+4qE0Hb1Vo5v1FgcfaNXvfXzr+5EhQ6ing/CaBijTlw==
  dependencies:
    minipass "^7.1.2"

ms@2.1.2:
  version "2.1.2"
  resolved "https://registry.yarnpkg.com/ms/-/ms-2.1.2.tgz#d09d1f357b443f493382a8eb3ccd183872ae6009"
  integrity sha512-sGkPx+VjMtmA6MX27oA4FBFELFCZZ4S4XqeGOXCv68tT+jb3vk/RyaKWP0PTKyWtmLSM0b+adUTEvbs1PEaH2w==

node-addon-api@7.0.0:
  version "7.0.0"
  resolved "https://registry.yarnpkg.com/node-addon-api/-/node-addon-api-7.0.0.tgz#8136add2f510997b3b94814f4af1cce0b0e3962e"
  integrity sha512-vgbBJTS4m5/KkE16t5Ly0WW9hz46swAstv0hYYwMtbG7AznRhNyfLRe8HZAiWIpcHzoO7HxhLuBQj9rJ/Ho0ZA==

node-gyp-build@4.6.0:
  version "4.6.0"
  resolved "https://registry.yarnpkg.com/node-gyp-build/-/node-gyp-build-4.6.0.tgz#0c52e4cbf54bbd28b709820ef7b6a3c2d6209055"
  integrity sha512-NTZVKn9IylLwUzaKjkas1e4u2DLNcV4rdYagA4PWdPwW87Bi7z+BznyKSRwS/761tV/lzCGXplWsiaMjLqP2zQ==

osc@^2.4.5:
  version "2.4.5"
  resolved "https://registry.yarnpkg.com/osc/-/osc-2.4.5.tgz#e887c5cfb255ee8e6b799c8ec3b496ca830276b1"
  integrity sha512-Nc4/qcl+vA/CMxiKS1xrYgzjfnyB3W94gZnrkn3eTzihlndbEml6+wj1YQNKBI4r+qrw3obCcEoU7SVH/OxpxA==
  dependencies:
    long "4.0.0"
    slip "1.0.2"
    wolfy87-eventemitter "5.2.9"
    ws "8.18.0"
  optionalDependencies:
    serialport "12.0.0"

p-limit@^4.0.0:
  version "4.0.0"
  resolved "https://registry.yarnpkg.com/p-limit/-/p-limit-4.0.0.tgz#914af6544ed32bfa54670b061cafcbd04984b644"
  integrity sha512-5b0R4txpzjPWVw/cXXUResoD4hb6U/x9BH08L7nw+GN1sezDzPdxeRvpc9c433fZhBan/wusjbCsqwqm4EIBIQ==
  dependencies:
    yocto-queue "^1.0.0"

p-locate@^6.0.0:
  version "6.0.0"
  resolved "https://registry.yarnpkg.com/p-locate/-/p-locate-6.0.0.tgz#3da9a49d4934b901089dca3302fa65dc5a05c04f"
  integrity sha512-wPrq66Llhl7/4AGC6I+cqxT07LhXvWL08LNXz1fENOw0Ap4sRZZ/gZpTTJ5jpurzzzfS2W/Ge9BY3LgLjCShcw==
  dependencies:
    p-limit "^4.0.0"

prettier-linter-helpers@^1.0.1:
  version "1.0.1"
  resolved "https://registry.yarnpkg.com/prettier-linter-helpers/-/prettier-linter-helpers-1.0.1.tgz#6a31f88a4bad6c7adda253de12ba4edaea80ebcd"
  integrity sha512-SxToR7P8Y2lWmv/kTzVLC1t/GDI2WGjMwNhLLE9qtH8Q13C+aEmuRlzDst4Up4s0Wc8sF2M+J57iB3cMLqftfg==
  dependencies:
    fast-diff "^1.1.2"

prettier@^3.3.2:
  version "3.3.3"
  resolved "https://registry.yarnpkg.com/prettier/-/prettier-3.3.3.tgz#30c54fe0be0d8d12e6ae61dbb10109ea00d53105"
  integrity sha512-i2tDNA0O5IrMO757lfrdQZCc2jPNDVntV0m/+4whiDfWaTKfMNgR7Qz0NAeGz/nRqF4m5/6CLzbP4/liHt12Ew==

resolve-pkg-maps@^1.0.0:
  version "1.0.0"
  resolved "https://registry.yarnpkg.com/resolve-pkg-maps/-/resolve-pkg-maps-1.0.0.tgz#616b3dc2c57056b5588c31cdf4b3d64db133720f"
  integrity sha512-seS2Tj26TBVOC2NIc2rOe2y2ZO7efxITtLZcGSOnHHNOQ7CkiUBfw0Iw2ck6xkIhPwLhKNLS8BO+hEpngQlqzw==

semver@^7.5.4:
  version "7.6.3"
  resolved "https://registry.yarnpkg.com/semver/-/semver-7.6.3.tgz#980f7b5550bc175fb4dc09403085627f9eb33143"
  integrity sha512-oVekP1cKtI+CTDvHWYFUcMtsK/00wmAEfyqKfNdARm8u1wNVhSgaX7A8d4UuIlUI5e84iEwOhs7ZPYRmzU9U6A==

semver@^7.6.3:
  version "7.7.3"
  resolved "https://registry.yarnpkg.com/semver/-/semver-7.7.3.tgz#4b5f4143d007633a8dc671cd0a6ef9147b8bb946"
  integrity sha512-SdsKMrI9TdgjdweUSR9MweHA4EJ8YxHn8DFaDisvhVlUOe4BF1tLD7GAj0lIqWVl+dPb/rExr0Btby5loQm20Q==

semver@^7.8.4:
  version "7.8.5"
  resolved "https://registry.yarnpkg.com/semver/-/semver-7.8.5.tgz#39b646037dd50c14fb451e7e4cac58ed8b863f69"
  integrity sha512-Y7/KDsb8LjooZpwaqGyulO6DQlksgCncchHGk+sZIY4SBvUocMBEFH5Ur1fI4dV+Jvl0w6cjvucaIi40puRioA==

serialport@12.0.0:
  version "12.0.0"
  resolved "https://registry.yarnpkg.com/serialport/-/serialport-12.0.0.tgz#136f0976042f57a2e99e886221a2109934531602"
  integrity sha512-AmH3D9hHPFmnF/oq/rvigfiAouAKyK/TjnrkwZRYSFZxNggJxwvbAbfYrLeuvq7ktUdhuHdVdSjj852Z55R+uA==
  dependencies:
    "@serialport/binding-mock" "10.2.2"
    "@serialport/bindings-cpp" "12.0.1"
    "@serialport/parser-byte-length" "12.0.0"
    "@serialport/parser-cctalk" "12.0.0"
    "@serialport/parser-delimiter" "12.0.0"
    "@serialport/parser-inter-byte-timeout" "12.0.0"
    "@serialport/parser-packet-length" "12.0.0"
    "@serialport/parser-readline" "12.0.0"
    "@serialport/parser-ready" "12.0.0"
    "@serialport/parser-regex" "12.0.0"
    "@serialport/parser-slip-encoder" "12.0.0"
    "@serialport/parser-spacepacket" "12.0.0"
    "@serialport/stream" "12.0.0"
    debug "4.3.4"

slip@1.0.2:
  version "1.0.2"
  resolved "https://registry.yarnpkg.com/slip/-/slip-1.0.2.tgz#ba45a923034d6cf41b1a27aebe7128282c8d551f"
  integrity sha512-XrcHe3NAcyD3wO+O4I13RcS4/3AF+S9RvGNj9JhJeS02HyImwD2E3QWLrmn9hBfL+fB6yapagwxRkeyYzhk98g==

synckit@^0.11.13:
  version "0.11.13"
  resolved "https://registry.yarnpkg.com/synckit/-/synckit-0.11.13.tgz#062a5ea57d81befc35892f8254de5c567e97c80a"
  integrity sha512-eNRKgb3z66Yp3D2CixVujOUvXLFUTij/zVnV8KRyvFdQwpz7I5DS8UfRkTeLzb64u+dkzDSdelE24izu+zSSUg==
  dependencies:
    "@pkgr/core" "^0.3.6"

tapable@^2.2.0:
  version "2.2.1"
  resolved "https://registry.yarnpkg.com/tapable/-/tapable-2.2.1.tgz#1967a73ef4060a82f12ab96af86d52fdb76eeca0"
  integrity sha512-GNzQvQTOIP6RyTfE2Qxb8ZVlNmw0n88vp1szwWRimP02mnTsx3Wtn5qRdqY9w2XduFNUgvOwhNnQsjwCp+kqaQ==

tar@^7.5.16:
  version "7.5.22"
  resolved "https://registry.yarnpkg.com/tar/-/tar-7.5.22.tgz#a696f998136e71487dc3f869a85bba2c67971ba9"
  integrity sha512-MFO/QzvtAOmJbkhOaCTvbGcFN9L9b+JunIsDwaKljSOdcLMea3NJ1k9Usz/rjdfSXTq4dfzfeS7W4p4YOAAHeA==
  dependencies:
    "@isaacs/fs-minipass" "^4.0.0"
    chownr "^3.0.0"
    minipass "^7.1.2"
    minizlib "^3.1.0"
    yallist "^5.0.0"

unicorn-magic@^0.3.0:
  version "0.3.0"
  resolved "https://registry.yarnpkg.com/unicorn-magic/-/unicorn-magic-0.3.0.tgz#4efd45c85a69e0dd576d25532fbfa22aa5c8a104"
  integrity sha512-+QBBXBCvifc56fsbuxZQ6Sic3wqqc3WWaqxs58gvJrcOuN83HGTCwz3oS5phzU9LthRNE9VrJCFCLUgHeeFnfA==

wolfy87-eventemitter@5.2.9:
  version "5.2.9"
  resolved "https://registry.yarnpkg.com/wolfy87-eventemitter/-/wolfy87-eventemitter-5.2.9.tgz#e879f770b30fbb6512a8afbb330c388591099c2a"
  integrity sha512-P+6vtWyuDw+MB01X7UeF8TaHBvbCovf4HPEMF/SV7BdDc1SMTiBy13SRD71lQh4ExFTG1d/WNzDGDCyOKSMblw==

ws@8.18.0:
  version "8.18.0"
  resolved "https://registry.yarnpkg.com/ws/-/ws-8.18.0.tgz#0d7505a6eafe2b0e712d232b42279f53bc289bbc"
  integrity sha512-8VbfWfHLbbwu3+N6OKsOMpBdT4kXPDDB9cJk2bJ6mh9ucxdlnNvH1e+roYkKmN9Nxw2yjz7VzeO9oOz2zJ04Pw==

yallist@^5.0.0:
  version "5.0.0"
  resolved "https://registry.yarnpkg.com/yallist/-/yallist-5.0.0.tgz#00e2de443639ed0d78fd87de0d27469fbcffb533"
  integrity sha512-YgvUTfwqyc7UXVMrB+SImsVYSmTS8X/tSrtdNZMImM+n7+QTriRXyXim0mBrTXNeqzVF0KWGgHPeiyViFFrNDw==

yocto-queue@^1.0.0:
  version "1.1.1"
  resolved "https://registry.yarnpkg.com/yocto-queue/-/yocto-queue-1.1.1.tgz#fef65ce3ac9f8a32ceac5a634f74e17e5b232110"
  integrity sha512-b4JR1PFR10y1mKjhHY9LaGo6tmrgjit7hxVIeAmyMw3jegXR4dhYqLaQF5zMXZxY7tLpMyJeLjr1C4rLmkVe8g==

zx@^8.8.5:
  version "8.8.5"
  resolved "https://registry.yarnpkg.com/zx/-/zx-8.8.5.tgz#d092d8c0017aa7c5a276fda88ff19e4b1d91cc64"
  integrity sha512-SNgDF5L0gfN7FwVOdEFguY3orU5AkfFZm9B5YSHog/UDHv+lvmd82ZAsOenOkQixigwH2+yyH198AwNdKhj+RA==
